
Microsoft Visual Studio Solution File, Format Version 12.00
# Visual Studio Version 16
VisualStudioVersion = 16.0.32602.291
MinimumVisualStudioVersion = 10.0.40219.1
Project("{FAE04EC0-301F-11D3-BF4B-00C04F79EFBC}") = "lab6_game1", "lab6_game1\lab6_game1.csproj", "{7DE7925F-1B4E-43E3-A640-981A98944BB9}"
EndProject
Global
	GlobalSection(SolutionConfigurationPlatforms) = preSolution
		Debug|Any CPU = Debug|Any CPU
		Release|Any CPU = Release|Any CPU
	EndGlobalSection
	GlobalSection(ProjectConfigurationPlatforms) = postSolution
		{7DE7925F-1B4E-43E3-A640-981A98944BB9}.Debug|Any CPU.ActiveCfg = Debug|Any CPU
		{7DE7925F-1B4E-43E3-A640-981A98944BB9}.Debug|Any CPU.Build.0 = Debug|Any CPU
		{7DE7925F-1B4E-43E3-A640-981A98944BB9}.Release|Any CPU.ActiveCfg = Release|Any CPU
		{7DE7925F-1B4E-43E3-A640-981A98944BB9}.Release|Any CPU.Build.0 = Release|Any CPU
	EndGlobalSection
	GlobalSection(SolutionProperties) = preSolution
		HideSolutionNode = FALSE
	EndGlobalSection
	GlobalSection(ExtensibilityGlobals) = postSolution
		SolutionGuid = {EEA14CE1-C2E9-4EC6-A9BD-E619DE1D8624}
	EndGlobalSection
EndGlobal
